// !$*UTF8*$!
{
	archiveVersion = 1;
	classes = {
	};
	objectVersion = 48;
	objects = {

/* Begin PBXBuildFile section */
		C0301BBD1FC4812300E307C7 /* FlikrAPI.m in Sources */ = {isa = PBXBuildFile; fileRef = C0301BBC1FC4812300E307C7 /* FlikrAPI.m */; };
		C0420FC71FC1E4F000AB0C45 /* AppDelegate.m in Sources */ = {isa = PBXBuildFile; fileRef = C0420FC61FC1E4F000AB0C45 /* AppDelegate.m */; };
		C0420FCA1FC1E4F000AB0C45 /* ViewController.m in Sources */ = {isa = PBXBuildFile; fileRef = C0420FC91FC1E4F000AB0C45 /* ViewController.m */; };
		C0420FCD1FC1E4F000AB0C45 /* Main.storyboard in Resources */ = {isa = PBXBuildFile; fileRef = C0420FCB1FC1E4F000AB0C45 /* Main.storyboard */; };
		C0420FCF1FC1E4F000AB0C45 /* Assets.xcassets in Resources */ = {isa = PBXBuildFile; fileRef = C0420FCE1FC1E4F000AB0C45 /* Assets.xcassets */; };
		C0420FD21FC1E4F000AB0C45 /* LaunchScreen.storyboard in Resources */ = {isa = PBXBuildFile; fileRef = C0420FD01FC1E4F000AB0C45 /* LaunchScreen.storyboard */; };
		C0420FD51FC1E4F000AB0C45 /* main.m in Sources */ = {isa = PBXBuildFile; fileRef = C0420FD41FC1E4F000AB0C45 /* main.m */; };
		C0420FDD1FC1E5DF00AB0C45 /* CustomCollectionViewCell.m in Sources */ = {isa = PBXBuildFile; fileRef = C0420FDC1FC1E5DF00AB0C45 /* CustomCollectionViewCell.m */; };
		C0420FE01FC1E77000AB0C45 /* Photo.m in Sources */ = {isa = PBXBuildFile; fileRef = C0420FDF1FC1E77000AB0C45 /* Photo.m */; };
/* End PBXBuildFile section */

/* Begin PBXFileReference section */
		C0301BBB1FC4812300E307C7 /* FlikrAPI.h */ = {isa = PBXFileReference; lastKnownFileType = sourcecode.c.h; path = FlikrAPI.h; sourceTree = "<group>"; };
		C0301BBC1FC4812300E307C7 /* FlikrAPI.m */ = {isa = PBXFileReference; lastKnownFileType = sourcecode.c.objc; path = FlikrAPI.m; sourceTree = "<group>"; };
		C0420FC21FC1E4F000AB0C45 /* Cats.app */ = {isa = PBXFileReference; explicitFileType = wrapper.application; includeInIndex = 0; path = Cats.app; sourceTree = BUILT_PRODUCTS_DIR; };
		C0420FC51FC1E4F000AB0C45 /* AppDelegate.h */ = {isa = PBXFileReference; lastKnownFileType = sourcecode.c.h; path = AppDelegate.h; sourceTree = "<group>"; };
		C0420FC61FC1E4F000AB0C45 /* AppDelegate.m */ = {isa = PBXFileReference; lastKnownFileType = sourcecode.c.objc; path = AppDelegate.m; sourceTree = "<group>"; };
		C0420FC81FC1E4F000AB0C45 /* ViewController.h */ = {isa = PBXFileReference; lastKnownFileType = sourcecode.c.h; path = ViewController.h; sourceTree = "<group>"; };
		C0420FC91FC1E4F000AB0C45 /* ViewController.m */ = {isa = PBXFileReference; lastKnownFileType = sourcecode.c.objc; path = ViewController.m; sourceTree = "<group>"; };
		C0420FCC1FC1E4F000AB0C45 /* Base */ = {isa = PBXFileReference; lastKnownFileType = file.storyboard; name = Base; path = Base.lproj/Main.storyboard; sourceTree = "<group>"; };
		C0420FCE1FC1E4F000AB0C45 /* Assets.xcassets */ = {isa = PBXFileReference; lastKnownFileType = folder.assetcatalog; path = Assets.xcassets; sourceTree = "<group>"; };
		C0420FD11FC1E4F000AB0C45 /* Base */ = {isa = PBXFileReference; lastKnownFileType = file.storyboard; name = Base; path = Base.lproj/LaunchScreen.storyboard; sourceTree = "<group>"; };
		C0420FD31FC1E4F000AB0C45 /* Info.plist */ = {isa = PBXFileReference; lastKnownFileType = text.plist.xml; path = Info.plist; sourceTree = "<group>"; };
		C0420FD41FC1E4F000AB0C45 /* main.m */ = {isa = PBXFileReference; lastKnownFileType = sourcecode.c.objc; path = main.m; sourceTree = "<group>"; };
		C0420FDB1FC1E5DF00AB0C45 /* CustomCollectionViewCell.h */ = {isa = PBXFileReference; lastKnownFileType = sourcecode.c.h; path = CustomCollectionViewCell.h; sourceTree = "<group>"; };
		C0420FDC1FC1E5DF00AB0C45 /* CustomCollectionViewCell.m */ = {isa = PBXFileReference; lastKnownFileType = sourcecode.c.objc; path = CustomCollectionViewCell.m; sourceTree = "<group>"; };
		C0420FDE1FC1E77000AB0C45 /* Photo.h */ = {isa = PBXFileReference; lastKnownFileType = sourcecode.c.h; path = Photo.h; sourceTree = "<group>"; };
		C0420FDF1FC1E77000AB0C45 /* Photo.m */ = {isa = PBXFileReference; lastKnownFileType = sourcecode.c.objc; path = Photo.m; sourceTree = "<group>"; };
/* End PBXFileReference section */

/* Begin PBXFrameworksBuildPhase section */
		C0420FBF1FC1E4EF00AB0C45 /* Frameworks */ = {
			isa = PBXFrameworksBuildPhase;
			buildActionMask = 2147483647;
			files = (
			);
			runOnlyForDeploymentPostprocessing = 0;
		};
/* End PBXFrameworksBuildPhase section */

/* Begin PBXGroup section */
		C0420FB91FC1E4EF00AB0C45 = {
			isa = PBXGroup;
			children = (
				C0420FC41FC1E4F000AB0C45 /* Cats */,
				C0420FC31FC1E4F000AB0C45 /* Products */,
			);
			sourceTree = "<group>";
		};
		C0420FC31FC1E4F000AB0C45 /* Products */ = {
			isa = PBXGroup;
			children = (
				C0420FC21FC1E4F000AB0C45 /* Cats.app */,
			);
			name = Products;
			sourceTree = "<group>";
		};
		C0420FC41FC1E4F000AB0C45 /* Cats */ = {
			isa = PBXGroup;
			children = (
				C0420FC51FC1E4F000AB0C45 /* AppDelegate.h */,
				C0420FC61FC1E4F000AB0C45 /* AppDelegate.m */,
				C0420FC81FC1E4F000AB0C45 /* ViewController.h */,
				C0420FC91FC1E4F000AB0C45 /* ViewController.m */,
				C0420FCB1FC1E4F000AB0C45 /* Main.storyboard */,
				C0301BBB1FC4812300E307C7 /* FlikrAPI.h */,
				C0301BBC1FC4812300E307C7 /* FlikrAPI.m */,
				C0420FDE1FC1E77000AB0C45 /* Photo.h */,
				C0420FDF1FC1E77000AB0C45 /* Photo.m */,
				C0420FDB1FC1E5DF00AB0C45 /* CustomCollectionViewCell.h */,
				C0420FDC1FC1E5DF00AB0C45 /* CustomCollectionViewCell.m */,
				C0420FCE1FC1E4F000AB0C45 /* Assets.xcassets */,
				C0420FD01FC1E4F000AB0C45 /* LaunchScreen.storyboard */,
				C0420FD31FC1E4F000AB0C45 /* Info.plist */,
				C0420FD41FC1E4F000AB0C45 /* main.m */,
			);
			path = Cats;
			sourceTree = "<group>";
		};
/* End PBXGroup section */

/* Begin PBXNativeTarget section */
		C0420FC11FC1E4EF00AB0C45 /* Cats */ = {
			isa = PBXNativeTarget;
			buildConfigurationList = C0420FD81FC1E4F000AB0C45 /* Build configuration list for PBXNativeTarget "Cats" */;
			buildPhases = (
				C0420FBE1FC1E4EF00AB0C45 /* Sources */,
				C0420FBF1FC1E4EF00AB0C45 /* Frameworks */,
				C0420FC01FC1E4EF00AB0C45 /* Resources */,
			);
			buildRules = (
			);
			dependencies = (
			);
			name = Cats;
			productName = Cats;
			productReference = C0420FC21FC1E4F000AB0C45 /* Cats.app */;
			productType = "com.apple.product-type.application";
		};
/* End PBXNativeTarget section */

/* Begin PBXProject section */
		C0420FBA1FC1E4EF00AB0C45 /* Project object */ = {
			isa = PBXProject;
			attributes = {
				LastUpgradeCheck = 0910;
				ORGANIZATIONNAME = "Daniel Grosman";
				TargetAttributes = {
					C0420FC11FC1E4EF00AB0C45 = {
						CreatedOnToolsVersion = 9.1;
						ProvisioningStyle = Automatic;
					};
				};
			};
			buildConfigurationList = C0420FBD1FC1E4EF00AB0C45 /* Build configuration list for PBXProject "Cats" */;
			compatibilityVersion = "Xcode 8.0";
			developmentRegion = en;
			hasScannedForEncodings = 0;
			knownRegions = (
				en,
				Base,
			);
			mainGroup = C0420FB91FC1E4EF00AB0C45;
			productRefGroup = C0420FC31FC1E4F000AB0C45 /* Products */;
			projectDirPath = "";
			projectRoot = "";
			targets = (
				C0420FC11FC1E4EF00AB0C45 /* Cats */,
			);
		};
/* End PBXProject section */

/* Begin PBXResourcesBuildPhase section */
		C0420FC01FC1E4EF00AB0C45 /* Resources */ = {
			isa = PBXResourcesBuildPhase;
			buildActionMask = 2147483647;
			files = (
				C0420FD21FC1E4F000AB0C45 /* LaunchScreen.storyboard in Resources */,
				C0420FCF1FC1E4F000AB0C45 /* Assets.xcassets in Resources */,
				C0420FCD1FC1E4F000AB0C45 /* Main.storyboard in Resources */,
			);
			runOnlyForDeploymentPostprocessing = 0;
		};
/* End PBXResourcesBuildPhase section */

/* Begin PBXSourcesBuildPhase section */
		C0420FBE1FC1E4EF00AB0C45 /* Sources */ = {
			isa = PBXSourcesBuildPhase;
			buildActionMask = 2147483647;
			files = (
				C0420FCA1FC1E4F000AB0C45 /* ViewController.m in Sources */,
				C0420FD51FC1E4F000AB0C45 /* main.m in Sources */,
				C0420FC71FC1E4F000AB0C45 /* AppDelegate.m in Sources */,
				C0301BBD1FC4812300E307C7 /* FlikrAPI.m in Sources */,
				C0420FE01FC1E77000AB0C45 /* Photo.m in Sources */,
				C0420FDD1FC1E5DF00AB0C45 /* CustomCollectionViewCell.m in Sources */,
			);
			runOnlyForDeploymentPostprocessing = 0;
		};
/* End PBXSourcesBuildPhase section */

/* Begin PBXVariantGroup section */
		C0420FCB1FC1E4F000AB0C45 /* Main.storyboard */ = {
			isa = PBXVariantGroup;
			children = (
				C0420FCC1FC1E4F000AB0C45 /* Base */,
			);
			name = Main.storyboard;
			sourceTree = "<group>";
		};
		C0420FD01FC1E4F000AB0C45 /* LaunchScreen.storyboard */ = {
			isa = PBXVariantGroup;
			children = (
				C0420FD11FC1E4F000AB0C45 /* Base */,
			);
			name = LaunchScreen.storyboard;
			sourceTree = "<group>";
		};
/* End PBXVariantGroup section */

/* Begin XCBuildConfiguration section */
		C0420FD61FC1E4F000AB0C45 /* Debug */ = {
			isa = XCBuildConfiguration;
			buildSettings = {
				ALWAYS_SEARCH_USER_PATHS = NO;
				CLANG_ANALYZER_NONNULL = YES;
				CLANG_ANALYZER_NUMBER_OBJECT_CONVERSION = YES_AGGRESSIVE;
				CLANG_CXX_LANGUAGE_STANDARD = "gnu++14";
				CLANG_CXX_LIBRARY = "libc++";
				CLANG_ENABLE_MODULES = YES;
				CLANG_ENABLE_OBJC_ARC = YES;
				CLANG_WARN_BLOCK_CAPTURE_AUTORELEASING = YES;
				CLANG_WARN_BOOL_CONVERSION = YES;
				CLANG_WARN_COMMA = YES;
				CLANG_WARN_CONSTANT_CONVERSION = YES;
				CLANG_WARN_DIRECT_OBJC_ISA_USAGE = YES_ERROR;
				CLANG_WARN_DOCUMENTATION_COMMENTS = YES;
				CLANG_WARN_EMPTY_BODY = YES;
				CLANG_WARN_ENUM_CONVERSION = YES;
				CLANG_WARN_INFINITE_RECURSION = YES;
				CLANG_WARN_INT_CONVERSION = YES;
				CLANG_WARN_NON_LITERAL_NULL_CONVERSION = YES;
				CLANG_WARN_OBJC_LITERAL_CONVERSION = YES;
				CLANG_WARN_OBJC_ROOT_CLASS = YES_ERROR;
				CLANG_WARN_RANGE_LOOP_ANALYSIS = YES;
				CLANG_WARN_STRICT_PROTOTYPES = YES;
				CLANG_WARN_SUSPICIOUS_MOVE = YES;
				CLANG_WARN_UNGUARDED_AVAILABILITY = YES_AGGRESSIVE;
				CLANG_WARN_UNREACHABLE_CODE = YES;
				CLANG_WARN__DUPLICATE_METHOD_MATCH = YES;
				CODE_SIGN_IDENTITY = "iPhone Developer";
				COPY_PHASE_STRIP = NO;
				DEBUG_INFORMATION_FORMAT = dwarf;
				ENABLE_STRICT_OBJC_MSGSEND = YES;
				ENABLE_TESTABILITY = YES;
				GCC_C_LANGUAGE_STANDARD = gnu11;
				GCC_DYNAMIC_NO_PIC = NO;
				GCC_NO_COMMON_BLOCKS = YES;
				GCC_OPTIMIZATION_LEVEL = 0;
				GCC_PREPROCESSOR_DEFINITIONS = (
					"DEBUG=1",
					"$(inherited)",
				);
				GCC_WARN_64_TO_32_BIT_CONVERSION = YES;
				GCC_WARN_ABOUT_RETURN_TYPE = YES_ERROR;
				GCC_WARN_UNDECLARED_SELECTOR = YES;
				GCC_WARN_UNINITIALIZED_AUTOS = YES_AGGRESSIVE;
				GCC_WARN_UNUSED_FUNCTION = YES;
				GCC_WARN_UNUSED_VARIABLE = YES;
				IPHONEOS_DEPLOYMENT_TARGET = 11.1;
				MTL_ENABLE_DEBUG_INFO = YES;
				ONLY_ACTIVE_ARCH = YES;
				SDKROOT = iphoneos;
			};
			name = Debug;
		};
		C0420FD71FC1E4F000AB0C45 /* Release */ = {
			isa = XCBuildConfiguration;
			buildSettings = {
				ALWAYS_SEARCH_USER_PATHS = NO;
				CLANG_ANALYZER_NONNULL = YES;
				CLANG_ANALYZER_NUMBER_OBJECT_CONVERSION = YES_AGGRESSIVE;
				CLANG_CXX_LANGUAGE_STANDARD = "gnu++14";
				CLANG_CXX_LIBRARY = "libc++";
				CLANG_ENABLE_MODULES = YES;
				CLANG_ENABLE_OBJC_ARC = YES;
				CLANG_WARN_BLOCK_CAPTURE_AUTORELEASING = YES;
				CLANG_WARN_BOOL_CONVERSION = YES;
				CLANG_WARN_COMMA = YES;
				CLANG_WARN_CONSTANT_CONVERSION = YES;
				CLANG_WARN_DIRECT_OBJC_ISA_USAGE = YES_ERROR;
				CLANG_WARN_DOCUMENTATION_COMMENTS = YES;
				CLANG_WARN_EMPTY_BODY = YES;
				CLANG_WARN_ENUM_CONVERSION = YES;
				CLANG_WARN_INFINITE_RECURSION = YES;
				CLANG_WARN_INT_CONVERSION = YES;
				CLANG_WARN_NON_LITERAL_NULL_CONVERSION = YES;
				CLANG_WARN_OBJC_LITERAL_CONVERSION = YES;
				CLANG_WARN_OBJC_ROOT_CLASS = YES_ERROR;
				CLANG_WARN_RANGE_LOOP_ANALYSIS = YES;
				CLANG_WARN_STRICT_PROTOTYPES = YES;
				CLANG_WARN_SUSPICIOUS_MOVE = YES;
				CLANG_WARN_UNGUARDED_AVAILABILITY = YES_AGGRESSIVE;
				CLANG_WARN_UNREACHABLE_CODE = YES;
				CLANG_WARN__DUPLICATE_METHOD_MATCH = YES;
				CODE_SIGN_IDENTITY = "iPhone Developer";
				COPY_PHASE_STRIP = NO;
				DEBUG_INFORMATION_FORMAT = "dwarf-with-dsym";
				ENABLE_NS_ASSERTIONS = NO;
				ENABLE_STRICT_OBJC_MSGSEND = YES;
				GCC_C_LANGUAGE_STANDARD = gnu11;
				GCC_NO_COMMON_BLOCKS = YES;
				GCC_WARN_64_TO_32_BIT_CONVERSION = YES;
				GCC_WARN_ABOUT_RETURN_TYPE = YES_ERROR;
				GCC_WARN_UNDECLARED_SELECTOR = YES;
				GCC_WARN_UNINITIALIZED_AUTOS = YES_AGGRESSIVE;
				GCC_WARN_UNUSED_FUNCTION = YES;
				GCC_WARN_UNUSED_VARIABLE = YES;
				IPHONEOS_DEPLOYMENT_TARGET = 11.1;
				MTL_ENABLE_DEBUG_INFO = NO;
				SDKROOT = iphoneos;
				VALIDATE_PRODUCT = YES;
			};
			name = Release;
		};
		C0420FD91FC1E4F000AB0C45 /* Debug */ = {
			isa = XCBuildConfiguration;
			buildSettings = {
				ASSETCATALOG_COMPILER_APPICON_NAME = AppIcon;
				CODE_SIGN_STYLE = Automatic;
				DEVELOPMENT_TEAM = 55BW5T8VB9;
				INFOPLIST_FILE = Cats/Info.plist;
				LD_RUNPATH_SEARCH_PATHS = "$(inherited) @executable_path/Frameworks";
				PRODUCT_BUNDLE_IDENTIFIER = Daniel.Grosman.Cats;
				PRODUCT_NAME = "$(TARGET_NAME)";
				TARGETED_DEVICE_FAMILY = "1,2";
			};
			name = Debug;
		};
		C0420FDA1FC1E4F000AB0C45 /* Release */ = {
			isa = XCBuildConfiguration;
			buildSettings = {
				ASSETCATALOG_COMPILER_APPICON_NAME = AppIcon;
				CODE_SIGN_STYLE = Automatic;
				DEVELOPMENT_TEAM = 55BW5T8VB9;
				INFOPLIST_FILE = Cats/Info.plist;
				LD_RUNPATH_SEARCH_PATHS = "$(inherited) @executable_path/Frameworks";
				PRODUCT_BUNDLE_IDENTIFIER = Daniel.Grosman.Cats;
				PRODUCT_NAME = "$(TARGET_NAME)";
				TARGETED_DEVICE_FAMILY = "1,2";
			};
			name = Release;
		};
/* End XCBuildConfiguration section */

/* Begin XCConfigurationList section */
		C0420FBD1FC1E4EF00AB0C45 /* Build configuration list for PBXProject "Cats" */ = {
			isa = XCConfigurationList;
			buildConfigurations = (
				C0420FD61FC1E4F000AB0C45 /* Debug */,
				C0420FD71FC1E4F000AB0C45 /* Release */,
			);
			defaultConfigurationIsVisible = 0;
			defaultConfigurationName = Release;
		};
		C0420FD81FC1E4F000AB0C45 /* Build configuration list for PBXNativeTarget "Cats" */ = {
			isa = XCConfigurationList;
			buildConfigurations = (
				C0420FD91FC1E4F000AB0C45 /* Debug */,
				C0420FDA1FC1E4F000AB0C45 /* Release */,
			);
			defaultConfigurationIsVisible = 0;
			defaultConfigurationName = Release;
		};
/* End XCConfigurationList section */
	};
	rootObject = C0420FBA1FC1E4EF00AB0C45 /* Project object */;
}
